// !$*UTF8*$!
{
	archiveVersion = 1;
	classes = {
	};
	objectVersion = 46;
	objects = {

/* Begin PBXBuildFile section */
		4C082AB91E80487C00EFD483 /* AppDelegate.swift in Sources */ = {isa = PBXBuildFile; fileRef = 4C082AB81E80487C00EFD483 /* AppDelegate.swift */; };
		4C082ABE1E80487C00EFD483 /* Main.storyboard in Resources */ = {isa = PBXBuildFile; fileRef = 4C082ABC1E80487C00EFD483 /* Main.storyboard */; };
		4C082AC01E80487C00EFD483 /* Assets.xcassets in Resources */ = {isa = PBXBuildFile; fileRef = 4C082ABF1E80487C00EFD483 /* Assets.xcassets */; };
		4C082AC31E80487C00EFD483 /* LaunchScreen.storyboard in Resources */ = {isa = PBXBuildFile; fileRef = 4C082AC11E80487C00EFD483 /* LaunchScreen.storyboard */; };
		4C082AD21E80568100EFD483 /* HomeTableViewController.swift in Sources */ = {isa = PBXBuildFile; fileRef = 4C082AD11E80568100EFD483 /* HomeTableViewController.swift */; };
		4C082AD41E80569C00EFD483 /* ProfileViewController.swift in Sources */ = {isa = PBXBuildFile; fileRef = 4C082AD31E80569C00EFD483 /* ProfileViewController.swift */; };
		4C082AD61E8056B200EFD483 /* ActivityTableViewController.swift in Sources */ = {isa = PBXBuildFile; fileRef = 4C082AD51E8056B200EFD483 /* ActivityTableViewController.swift */; };
		4C082AD81E8058F200EFD483 /* HomeTableViewCell.swift in Sources */ = {isa = PBXBuildFile; fileRef = 4C082AD71E8058F200EFD483 /* HomeTableViewCell.swift */; };
		4C737AFC1E8595A8000AA6D2 /* TabBarViewController.swift in Sources */ = {isa = PBXBuildFile; fileRef = 4C737AFB1E8595A8000AA6D2 /* TabBarViewController.swift */; };
		4C836D841E8301FE00C776B9 /* LoginAPI.swift in Sources */ = {isa = PBXBuildFile; fileRef = 4C836D831E8301FE00C776B9 /* LoginAPI.swift */; };
		4C83AC911E82FB8400DFAC13 /* LoginViewController.swift in Sources */ = {isa = PBXBuildFile; fileRef = 4C83AC901E82FB8400DFAC13 /* LoginViewController.swift */; };
		6581F44BFE08173B91D89724 /* Pods_whale_ios_winnie.framework in Frameworks */ = {isa = PBXBuildFile; fileRef = A795C0818A6507FCC397D437 /* Pods_whale_ios_winnie.framework */; };
/* End PBXBuildFile section */

/* Begin PBXFileReference section */
		4C082AB51E80487C00EFD483 /* whale-ios-winnie.app */ = {isa = PBXFileReference; explicitFileType = wrapper.application; includeInIndex = 0; path = "whale-ios-winnie.app"; sourceTree = BUILT_PRODUCTS_DIR; };
		4C082AB81E80487C00EFD483 /* AppDelegate.swift */ = {isa = PBXFileReference; lastKnownFileType = sourcecode.swift; path = AppDelegate.swift; sourceTree = "<group>"; };
		4C082ABD1E80487C00EFD483 /* Base */ = {isa = PBXFileReference; lastKnownFileType = file.storyboard; name = Base; path = Base.lproj/Main.storyboard; sourceTree = "<group>"; };
		4C082ABF1E80487C00EFD483 /* Assets.xcassets */ = {isa = PBXFileReference; lastKnownFileType = folder.assetcatalog; path = Assets.xcassets; sourceTree = "<group>"; };
		4C082AC21E80487C00EFD483 /* Base */ = {isa = PBXFileReference; lastKnownFileType = file.storyboard; name = Base; path = Base.lproj/LaunchScreen.storyboard; sourceTree = "<group>"; };
		4C082AC41E80487C00EFD483 /* Info.plist */ = {isa = PBXFileReference; lastKnownFileType = text.plist.xml; path = Info.plist; sourceTree = "<group>"; };
		4C082AD11E80568100EFD483 /* HomeTableViewController.swift */ = {isa = PBXFileReference; fileEncoding = 4; lastKnownFileType = sourcecode.swift; name = HomeTableViewController.swift; path = ../../HomeTableViewController.swift; sourceTree = "<group>"; };
		4C082AD31E80569C00EFD483 /* ProfileViewController.swift */ = {isa = PBXFileReference; fileEncoding = 4; lastKnownFileType = sourcecode.swift; name = ProfileViewController.swift; path = ../../ProfileViewController.swift; sourceTree = "<group>"; };
		4C082AD51E8056B200EFD483 /* ActivityTableViewController.swift */ = {isa = PBXFileReference; fileEncoding = 4; lastKnownFileType = sourcecode.swift; name = ActivityTableViewController.swift; path = ../../ActivityTableViewController.swift; sourceTree = "<group>"; };
		4C082AD71E8058F200EFD483 /* HomeTableViewCell.swift */ = {isa = PBXFileReference; fileEncoding = 4; lastKnownFileType = sourcecode.swift; name = HomeTableViewCell.swift; path = ../../HomeTableViewCell.swift; sourceTree = "<group>"; };
		4C737AFB1E8595A8000AA6D2 /* TabBarViewController.swift */ = {isa = PBXFileReference; fileEncoding = 4; lastKnownFileType = sourcecode.swift; name = TabBarViewController.swift; path = ../../TabBarViewController.swift; sourceTree = "<group>"; };
		4C836D831E8301FE00C776B9 /* LoginAPI.swift */ = {isa = PBXFileReference; fileEncoding = 4; lastKnownFileType = sourcecode.swift; path = LoginAPI.swift; sourceTree = "<group>"; };
		4C83AC901E82FB8400DFAC13 /* LoginViewController.swift */ = {isa = PBXFileReference; fileEncoding = 4; lastKnownFileType = sourcecode.swift; name = LoginViewController.swift; path = ../../LoginViewController.swift; sourceTree = "<group>"; };
		9EBBE4013095803CB69BE629 /* Pods-whale-ios-winnie.release.xcconfig */ = {isa = PBXFileReference; includeInIndex = 1; lastKnownFileType = text.xcconfig; name = "Pods-whale-ios-winnie.release.xcconfig"; path = "Pods/Target Support Files/Pods-whale-ios-winnie/Pods-whale-ios-winnie.release.xcconfig"; sourceTree = "<group>"; };
		A795C0818A6507FCC397D437 /* Pods_whale_ios_winnie.framework */ = {isa = PBXFileReference; explicitFileType = wrapper.framework; includeInIndex = 0; path = Pods_whale_ios_winnie.framework; sourceTree = BUILT_PRODUCTS_DIR; };
		D32A04A540261CDAD30BFC9D /* Pods-whale-ios-winnie.debug.xcconfig */ = {isa = PBXFileReference; includeInIndex = 1; lastKnownFileType = text.xcconfig; name = "Pods-whale-ios-winnie.debug.xcconfig"; path = "Pods/Target Support Files/Pods-whale-ios-winnie/Pods-whale-ios-winnie.debug.xcconfig"; sourceTree = "<group>"; };
/* End PBXFileReference section */

/* Begin PBXFrameworksBuildPhase section */
		4C082AB21E80487C00EFD483 /* Frameworks */ = {
			isa = PBXFrameworksBuildPhase;
			buildActionMask = 2147483647;
			files = (
				6581F44BFE08173B91D89724 /* Pods_whale_ios_winnie.framework in Frameworks */,
			);
			runOnlyForDeploymentPostprocessing = 0;
		};
/* End PBXFrameworksBuildPhase section */

/* Begin PBXGroup section */
		379CAC6D48FB8C7FBE943584 /* Frameworks */ = {
			isa = PBXGroup;
			children = (
				A795C0818A6507FCC397D437 /* Pods_whale_ios_winnie.framework */,
			);
			name = Frameworks;
			sourceTree = "<group>";
		};
		462170AE30C185359A1ED31D /* Pods */ = {
			isa = PBXGroup;
			children = (
				D32A04A540261CDAD30BFC9D /* Pods-whale-ios-winnie.debug.xcconfig */,
				9EBBE4013095803CB69BE629 /* Pods-whale-ios-winnie.release.xcconfig */,
			);
			name = Pods;
			sourceTree = "<group>";
		};
		4C082AAC1E80487C00EFD483 = {
			isa = PBXGroup;
			children = (
				4C082AB71E80487C00EFD483 /* whale-ios-winnie */,
				4C082AB61E80487C00EFD483 /* Products */,
				462170AE30C185359A1ED31D /* Pods */,
				379CAC6D48FB8C7FBE943584 /* Frameworks */,
			);
			sourceTree = "<group>";
		};
		4C082AB61E80487C00EFD483 /* Products */ = {
			isa = PBXGroup;
			children = (
				4C082AB51E80487C00EFD483 /* whale-ios-winnie.app */,
			);
			name = Products;
			sourceTree = "<group>";
		};
		4C082AB71E80487C00EFD483 /* whale-ios-winnie */ = {
			isa = PBXGroup;
			children = (
				4C082ACE1E8048C100EFD483 /* Extensions */,
				4C082ACD1E8048BB00EFD483 /* Networking */,
				4C082ACA1E8048B500EFD483 /* UI */,
				4C082AB81E80487C00EFD483 /* AppDelegate.swift */,
				4C082ABF1E80487C00EFD483 /* Assets.xcassets */,
				4C082AC41E80487C00EFD483 /* Info.plist */,
			);
			path = "whale-ios-winnie";
			sourceTree = "<group>";
		};
		4C082ACA1E8048B500EFD483 /* UI */ = {
			isa = PBXGroup;
			children = (
				4C737AFD1E859CD4000AA6D2 /* Storyboards */,
				4C082ACB1E8048B500EFD483 /* Cells */,
				4C082ACC1E8048B500EFD483 /* Scenes */,
			);
			path = UI;
			sourceTree = "<group>";
		};
		4C082ACB1E8048B500EFD483 /* Cells */ = {
			isa = PBXGroup;
			children = (
				4C082AD71E8058F200EFD483 /* HomeTableViewCell.swift */,
			);
			path = Cells;
			sourceTree = "<group>";
		};
		4C082ACC1E8048B500EFD483 /* Scenes */ = {
			isa = PBXGroup;
			children = (
				4C737B011E859D54000AA6D2 /* Main Scene */,
				4C737B001E859D30000AA6D2 /* Profile Scene */,
				4C737AFF1E859D1D000AA6D2 /* Activity Scene */,
				4C737AFE1E859D12000AA6D2 /* Answer Scene */,
			);
			path = Scenes;
			sourceTree = "<group>";
		};
		4C082ACD1E8048BB00EFD483 /* Networking */ = {
			isa = PBXGroup;
			children = (
				4C836D831E8301FE00C776B9 /* LoginAPI.swift */,
			);
			path = Networking;
			sourceTree = "<group>";
		};
		4C082ACE1E8048C100EFD483 /* Extensions */ = {
			isa = PBXGroup;
			children = (
			);
			path = Extensions;
			sourceTree = "<group>";
		};
		4C737AFD1E859CD4000AA6D2 /* Storyboards */ = {
			isa = PBXGroup;
			children = (
				4C082ABC1E80487C00EFD483 /* Main.storyboard */,
				4C082AC11E80487C00EFD483 /* LaunchScreen.storyboard */,
			);
			name = Storyboards;
			path = ..;
			sourceTree = "<group>";
		};
		4C737AFE1E859D12000AA6D2 /* Answer Scene */ = {
			isa = PBXGroup;
			children = (
				4C082AD11E80568100EFD483 /* HomeTableViewController.swift */,
			);
			name = "Answer Scene";
			sourceTree = "<group>";
		};
		4C737AFF1E859D1D000AA6D2 /* Activity Scene */ = {
			isa = PBXGroup;
			children = (
				4C082AD51E8056B200EFD483 /* ActivityTableViewController.swift */,
			);
			name = "Activity Scene";
			sourceTree = "<group>";
		};
		4C737B001E859D30000AA6D2 /* Profile Scene */ = {
			isa = PBXGroup;
			children = (
				4C082AD31E80569C00EFD483 /* ProfileViewController.swift */,
			);
			name = "Profile Scene";
			sourceTree = "<group>";
		};
		4C737B011E859D54000AA6D2 /* Main Scene */ = {
			isa = PBXGroup;
			children = (
				4C737AFB1E8595A8000AA6D2 /* TabBarViewController.swift */,
				4C83AC901E82FB8400DFAC13 /* LoginViewController.swift */,
			);
			name = "Main Scene";
			sourceTree = "<group>";
		};
/* End PBXGroup section */

/* Begin PBXNativeTarget section */
		4C082AB41E80487C00EFD483 /* whale-ios-winnie */ = {
			isa = PBXNativeTarget;
			buildConfigurationList = 4C082AC71E80487C00EFD483 /* Build configuration list for PBXNativeTarget "whale-ios-winnie" */;
			buildPhases = (
				7A4343DE8C794248ACF05E43 /* [CP] Check Pods Manifest.lock */,
				4C082AB11E80487C00EFD483 /* Sources */,
				4C082AB21E80487C00EFD483 /* Frameworks */,
				4C082AB31E80487C00EFD483 /* Resources */,
				FA63DC556628DB0679D9B0CC /* [CP] Embed Pods Frameworks */,
				27FF7FE34A52210D1BEE2174 /* [CP] Copy Pods Resources */,
			);
			buildRules = (
			);
			dependencies = (
			);
			name = "whale-ios-winnie";
			productName = "whale-ios-winnie";
			productReference = 4C082AB51E80487C00EFD483 /* whale-ios-winnie.app */;
			productType = "com.apple.product-type.application";
		};
/* End PBXNativeTarget section */

/* Begin PBXProject section */
		4C082AAD1E80487C00EFD483 /* Project object */ = {
			isa = PBXProject;
			attributes = {
				LastSwiftUpdateCheck = 0820;
				LastUpgradeCheck = 0820;
				ORGANIZATIONNAME = wiwen;
				TargetAttributes = {
					4C082AB41E80487C00EFD483 = {
						CreatedOnToolsVersion = 8.2;
						DevelopmentTeam = TC856Y48HM;
						ProvisioningStyle = Automatic;
					};
				};
			};
			buildConfigurationList = 4C082AB01E80487C00EFD483 /* Build configuration list for PBXProject "whale-ios-winnie" */;
			compatibilityVersion = "Xcode 3.2";
			developmentRegion = English;
			hasScannedForEncodings = 0;
			knownRegions = (
				en,
				Base,
			);
			mainGroup = 4C082AAC1E80487C00EFD483;
			productRefGroup = 4C082AB61E80487C00EFD483 /* Products */;
			projectDirPath = "";
			projectRoot = "";
			targets = (
				4C082AB41E80487C00EFD483 /* whale-ios-winnie */,
			);
		};
/* End PBXProject section */

/* Begin PBXResourcesBuildPhase section */
		4C082AB31E80487C00EFD483 /* Resources */ = {
			isa = PBXResourcesBuildPhase;
			buildActionMask = 2147483647;
			files = (
				4C082AC31E80487C00EFD483 /* LaunchScreen.storyboard in Resources */,
				4C082AC01E80487C00EFD483 /* Assets.xcassets in Resources */,
				4C082ABE1E80487C00EFD483 /* Main.storyboard in Resources */,
			);
			runOnlyForDeploymentPostprocessing = 0;
		};
/* End PBXResourcesBuildPhase section */

/* Begin PBXShellScriptBuildPhase section */
		27FF7FE34A52210D1BEE2174 /* [CP] Copy Pods Resources */ = {
			isa = PBXShellScriptBuildPhase;
			buildActionMask = 2147483647;
			files = (
			);
			inputPaths = (
			);
			name = "[CP] Copy Pods Resources";
			outputPaths = (
			);
			runOnlyForDeploymentPostprocessing = 0;
			shellPath = /bin/sh;
			shellScript = "\"${SRCROOT}/Pods/Target Support Files/Pods-whale-ios-winnie/Pods-whale-ios-winnie-resources.sh\"\n";
			showEnvVarsInLog = 0;
		};
		7A4343DE8C794248ACF05E43 /* [CP] Check Pods Manifest.lock */ = {
			isa = PBXShellScriptBuildPhase;
			buildActionMask = 2147483647;
			files = (
			);
			inputPaths = (
			);
			name = "[CP] Check Pods Manifest.lock";
			outputPaths = (
			);
			runOnlyForDeploymentPostprocessing = 0;
			shellPath = /bin/sh;
			shellScript = "diff \"${PODS_ROOT}/../Podfile.lock\" \"${PODS_ROOT}/Manifest.lock\" > /dev/null\nif [ $? != 0 ] ; then\n    # print error to STDERR\n    echo \"error: The sandbox is not in sync with the Podfile.lock. Run 'pod install' or update your CocoaPods installation.\" >&2\n    exit 1\nfi\n";
			showEnvVarsInLog = 0;
		};
		FA63DC556628DB0679D9B0CC /* [CP] Embed Pods Frameworks */ = {
			isa = PBXShellScriptBuildPhase;
			buildActionMask = 2147483647;
			files = (
			);
			inputPaths = (
			);
			name = "[CP] Embed Pods Frameworks";
			outputPaths = (
			);
			runOnlyForDeploymentPostprocessing = 0;
			shellPath = /bin/sh;
			shellScript = "\"${SRCROOT}/Pods/Target Support Files/Pods-whale-ios-winnie/Pods-whale-ios-winnie-frameworks.sh\"\n";
			showEnvVarsInLog = 0;
		};
/* End PBXShellScriptBuildPhase section */

/* Begin PBXSourcesBuildPhase section */
		4C082AB11E80487C00EFD483 /* Sources */ = {
			isa = PBXSourcesBuildPhase;
			buildActionMask = 2147483647;
			files = (
				4C83AC911E82FB8400DFAC13 /* LoginViewController.swift in Sources */,
				4C082AD81E8058F200EFD483 /* HomeTableViewCell.swift in Sources */,
				4C082AD21E80568100EFD483 /* HomeTableViewController.swift in Sources */,
				4C082AD61E8056B200EFD483 /* ActivityTableViewController.swift in Sources */,
				4C737AFC1E8595A8000AA6D2 /* TabBarViewController.swift in Sources */,
				4C836D841E8301FE00C776B9 /* LoginAPI.swift in Sources */,
				4C082AD41E80569C00EFD483 /* ProfileViewController.swift in Sources */,
				4C082AB91E80487C00EFD483 /* AppDelegate.swift in Sources */,
			);
			runOnlyForDeploymentPostprocessing = 0;
		};
/* End PBXSourcesBuildPhase section */

/* Begin PBXVariantGroup section */
		4C082ABC1E80487C00EFD483 /* Main.storyboard */ = {
			isa = PBXVariantGroup;
			children = (
				4C082ABD1E80487C00EFD483 /* Base */,
			);
			name = Main.storyboard;
			sourceTree = "<group>";
		};
		4C082AC11E80487C00EFD483 /* LaunchScreen.storyboard */ = {
			isa = PBXVariantGroup;
			children = (
				4C082AC21E80487C00EFD483 /* Base */,
			);
			name = LaunchScreen.storyboard;
			sourceTree = "<group>";
		};
/* End PBXVariantGroup section */

/* Begin XCBuildConfiguration section */
		4C082AC51E80487C00EFD483 /* Debug */ = {
			isa = XCBuildConfiguration;
			buildSettings = {
				ALWAYS_SEARCH_USER_PATHS = NO;
				CLANG_ANALYZER_NONNULL = YES;
				CLANG_CXX_LANGUAGE_STANDARD = "gnu++0x";
				CLANG_CXX_LIBRARY = "libc++";
				CLANG_ENABLE_MODULES = YES;
				CLANG_ENABLE_OBJC_ARC = YES;
				CLANG_WARN_BOOL_CONVERSION = YES;
				CLANG_WARN_CONSTANT_CONVERSION = YES;
				CLANG_WARN_DIRECT_OBJC_ISA_USAGE = YES_ERROR;
				CLANG_WARN_DOCUMENTATION_COMMENTS = YES;
				CLANG_WARN_EMPTY_BODY = YES;
				CLANG_WARN_ENUM_CONVERSION = YES;
				CLANG_WARN_INFINITE_RECURSION = YES;
				CLANG_WARN_INT_CONVERSION = YES;
				CLANG_WARN_OBJC_ROOT_CLASS = YES_ERROR;
				CLANG_WARN_SUSPICIOUS_MOVE = YES;
				CLANG_WARN_UNREACHABLE_CODE = YES;
				CLANG_WARN__DUPLICATE_METHOD_MATCH = YES;
				"CODE_SIGN_IDENTITY[sdk=iphoneos*]" = "iPhone Developer";
				COPY_PHASE_STRIP = NO;
				DEBUG_INFORMATION_FORMAT = dwarf;
				ENABLE_STRICT_OBJC_MSGSEND = YES;
				ENABLE_TESTABILITY = YES;
				GCC_C_LANGUAGE_STANDARD = gnu99;
				GCC_DYNAMIC_NO_PIC = NO;
				GCC_NO_COMMON_BLOCKS = YES;
				GCC_OPTIMIZATION_LEVEL = 0;
				GCC_PREPROCESSOR_DEFINITIONS = (
					"DEBUG=1",
					"$(inherited)",
				);
				GCC_WARN_64_TO_32_BIT_CONVERSION = YES;
				GCC_WARN_ABOUT_RETURN_TYPE = YES_ERROR;
				GCC_WARN_UNDECLARED_SELECTOR = YES;
				GCC_WARN_UNINITIALIZED_AUTOS = YES_AGGRESSIVE;
				GCC_WARN_UNUSED_FUNCTION = YES;
				GCC_WARN_UNUSED_VARIABLE = YES;
				IPHONEOS_DEPLOYMENT_TARGET = 10.2;
				MTL_ENABLE_DEBUG_INFO = YES;
				ONLY_ACTIVE_ARCH = YES;
				SDKROOT = iphoneos;
				SWIFT_ACTIVE_COMPILATION_CONDITIONS = DEBUG;
				SWIFT_OPTIMIZATION_LEVEL = "-Onone";
			};
			name = Debug;
		};
		4C082AC61E80487C00EFD483 /* Release */ = {
			isa = XCBuildConfiguration;
			buildSettings = {
				ALWAYS_SEARCH_USER_PATHS = NO;
				CLANG_ANALYZER_NONNULL = YES;
				CLANG_CXX_LANGUAGE_STANDARD = "gnu++0x";
				CLANG_CXX_LIBRARY = "libc++";
				CLANG_ENABLE_MODULES = YES;
				CLANG_ENABLE_OBJC_ARC = YES;
				CLANG_WARN_BOOL_CONVERSION = YES;
				CLANG_WARN_CONSTANT_CONVERSION = YES;
				CLANG_WARN_DIRECT_OBJC_ISA_USAGE = YES_ERROR;
				CLANG_WARN_DOCUMENTATION_COMMENTS = YES;
				CLANG_WARN_EMPTY_BODY = YES;
				CLANG_WARN_ENUM_CONVERSION = YES;
				CLANG_WARN_INFINITE_RECURSION = YES;
				CLANG_WARN_INT_CONVERSION = YES;
				CLANG_WARN_OBJC_ROOT_CLASS = YES_ERROR;
				CLANG_WARN_SUSPICIOUS_MOVE = YES;
				CLANG_WARN_UNREACHABLE_CODE = YES;
				CLANG_WARN__DUPLICATE_METHOD_MATCH = YES;
				"CODE_SIGN_IDENTITY[sdk=iphoneos*]" = "iPhone Developer";
				COPY_PHASE_STRIP = NO;
				DEBUG_INFORMATION_FORMAT = "dwarf-with-dsym";
				ENABLE_NS_ASSERTIONS = NO;
				ENABLE_STRICT_OBJC_MSGSEND = YES;
				GCC_C_LANGUAGE_STANDARD = gnu99;
				GCC_NO_COMMON_BLOCKS = YES;
				GCC_WARN_64_TO_32_BIT_CONVERSION = YES;
				GCC_WARN_ABOUT_RETURN_TYPE = YES_ERROR;
				GCC_WARN_UNDECLARED_SELECTOR = YES;
				GCC_WARN_UNINITIALIZED_AUTOS = YES_AGGRESSIVE;
				GCC_WARN_UNUSED_FUNCTION = YES;
				GCC_WARN_UNUSED_VARIABLE = YES;
				IPHONEOS_DEPLOYMENT_TARGET = 10.2;
				MTL_ENABLE_DEBUG_INFO = NO;
				SDKROOT = iphoneos;
				SWIFT_OPTIMIZATION_LEVEL = "-Owholemodule";
				VALIDATE_PRODUCT = YES;
			};
			name = Release;
		};
		4C082AC81E80487C00EFD483 /* Debug */ = {
			isa = XCBuildConfiguration;
			baseConfigurationReference = D32A04A540261CDAD30BFC9D /* Pods-whale-ios-winnie.debug.xcconfig */;
			buildSettings = {
				ASSETCATALOG_COMPILER_APPICON_NAME = AppIcon;
				DEVELOPMENT_TEAM = TC856Y48HM;
				INFOPLIST_FILE = "whale-ios-winnie/Info.plist";
				LD_RUNPATH_SEARCH_PATHS = "$(inherited) @executable_path/Frameworks";
				PRODUCT_BUNDLE_IDENTIFIER = "com.wiwen.whale-ios-winnie";
				PRODUCT_NAME = "$(TARGET_NAME)";
				SWIFT_VERSION = 3.0;
			};
			name = Debug;
		};
		4C082AC91E80487C00EFD483 /* Release */ = {
			isa = XCBuildConfiguration;
			baseConfigurationReference = 9EBBE4013095803CB69BE629 /* Pods-whale-ios-winnie.release.xcconfig */;
			buildSettings = {
				ASSETCATALOG_COMPILER_APPICON_NAME = AppIcon;
				DEVELOPMENT_TEAM = TC856Y48HM;
				INFOPLIST_FILE = "whale-ios-winnie/Info.plist";
				LD_RUNPATH_SEARCH_PATHS = "$(inherited) @executable_path/Frameworks";
				PRODUCT_BUNDLE_IDENTIFIER = "com.wiwen.whale-ios-winnie";
				PRODUCT_NAME = "$(TARGET_NAME)";
				SWIFT_VERSION = 3.0;
			};
			name = Release;
		};
/* End XCBuildConfiguration section */

/* Begin XCConfigurationList section */
		4C082AB01E80487C00EFD483 /* Build configuration list for PBXProject "whale-ios-winnie" */ = {
			isa = XCConfigurationList;
			buildConfigurations = (
				4C082AC51E80487C00EFD483 /* Debug */,
				4C082AC61E80487C00EFD483 /* Release */,
			);
			defaultConfigurationIsVisible = 0;
			defaultConfigurationName = Release;
		};
		4C082AC71E80487C00EFD483 /* Build configuration list for PBXNativeTarget "whale-ios-winnie" */ = {
			isa = XCConfigurationList;
			buildConfigurations = (
				4C082AC81E80487C00EFD483 /* Debug */,
				4C082AC91E80487C00EFD483 /* Release */,
			);
			defaultConfigurationIsVisible = 0;
			defaultConfigurationName = Release;
		};
/* End XCConfigurationList section */
	};
	rootObject = 4C082AAD1E80487C00EFD483 /* Project object */;
}
